
Microsoft Visual Studio Solution File, Format Version 12.00
# Visual Studio Version 17
VisualStudioVersion = 17.14.36518.9 d17.14
MinimumVisualStudioVersion = 10.0.40219.1
Project("{FAE04EC0-301F-11D3-BF4B-00C04F79EFBC}") = "WpfAppDemo", "WpfAppDemo\WpfAppDemo.csproj", "{0DCE09F3-25AE-4E0C-8DCE-593C117828BD}"
EndProject
Global
	GlobalSection(SolutionConfigurationPlatforms) = preSolution
		Debug|Any CPU = Debug|Any CPU
		Release|Any CPU = Release|Any CPU
	EndGlobalSection
	GlobalSection(ProjectConfigurationPlatforms) = postSolution
		{0DCE09F3-25AE-4E0C-8DCE-593C117828BD}.Debug|Any CPU.ActiveCfg = Debug|Any CPU
		{0DCE09F3-25AE-4E0C-8DCE-593C117828BD}.Debug|Any CPU.Build.0 = Debug|Any CPU
		{0DCE09F3-25AE-4E0C-8DCE-593C117828BD}.Release|Any CPU.ActiveCfg = Release|Any CPU
		{0DCE09F3-25AE-4E0C-8DCE-593C117828BD}.Release|Any CPU.Build.0 = Release|Any CPU
	EndGlobalSection
	GlobalSection(SolutionProperties) = preSolution
		HideSolutionNode = FALSE
	EndGlobalSection
	GlobalSection(ExtensibilityGlobals) = postSolution
		SolutionGuid = {4B4D02C3-DF4B-4B59-92DB-B6CAD6DF5BFB}
	EndGlobalSection
EndGlobal
